# This file is automatically @generated by Cargo.
# It is not intended for manual editing.
[[package]]
name = "arrayvec"
version = "0.5.1"
source = "registry+https://github.com/rust-lang/crates.io-index"

[[package]]
name = "autocfg"
version = "0.1.7"
source = "registry+https://github.com/rust-lang/crates.io-index"

[[package]]
name = "haarukointi"
version = "0.1.0"
dependencies = [
 "arrayvec 0.5.1 (registry+https://github.com/rust-lang/crates.io-index)",
 "rustfft 3.0.1 (registry+https://github.com/rust-lang/crates.io-index)",
]

[[package]]
name = "num-complex"
version = "0.2.3"
source = "registry+https://github.com/rust-lang/crates.io-index"
dependencies = [
 "autocfg 0.1.7 (registry+https://github.com/rust-lang/crates.io-index)",
 "num-traits 0.2.10 (registry+https://github.com/rust-lang/crates.io-index)",
]

[[package]]
name = "num-integer"
version = "0.1.41"
source = "registry+https://github.com/rust-lang/crates.io-index"
dependencies = [
 "autocfg 0.1.7 (registry+https://github.com/rust-lang/crates.io-index)",
 "num-traits 0.2.10 (registry+https://github.com/rust-lang/crates.io-index)",
]

[[package]]
name = "num-traits"
version = "0.2.10"
source = "registry+https://github.com/rust-lang/crates.io-index"
dependencies = [
 "autocfg 0.1.7 (registry+https://github.com/rust-lang/crates.io-index)",
]

[[package]]
name = "rustfft"
version = "3.0.1"
source = "registry+https://github.com/rust-lang/crates.io-index"
dependencies = [
 "num-complex 0.2.3 (registry+https://github.com/rust-lang/crates.io-index)",
 "num-integer 0.1.41 (registry+https://github.com/rust-lang/crates.io-index)",
 "num-traits 0.2.10 (registry+https://github.com/rust-lang/crates.io-index)",
 "strength_reduce 0.2.3 (registry+https://github.com/rust-lang/crates.io-index)",
 "transpose 0.1.0 (registry+https://github.com/rust-lang/crates.io-index)",
]

[[package]]
name = "strength_reduce"
version = "0.2.3"
source = "registry+https://github.com/rust-lang/crates.io-index"

[[package]]
name = "transpose"
version = "0.1.0"
source = "registry+https://github.com/rust-lang/crates.io-index"

[metadata]
"checksum arrayvec 0.5.1 (registry+https://github.com/rust-lang/crates.io-index)" = "cff77d8686867eceff3105329d4698d96c2391c176d5d03adc90c7389162b5b8"
"checksum autocfg 0.1.7 (registry+https://github.com/rust-lang/crates.io-index)" = "1d49d90015b3c36167a20fe2810c5cd875ad504b39cff3d4eae7977e6b7c1cb2"
"checksum num-complex 0.2.3 (registry+https://github.com/rust-lang/crates.io-index)" = "fcb0cf31fb3ff77e6d2a6ebd6800df7fdcd106f2ad89113c9130bcd07f93dffc"
"checksum num-integer 0.1.41 (registry+https://github.com/rust-lang/crates.io-index)" = "b85e541ef8255f6cf42bbfe4ef361305c6c135d10919ecc26126c4e5ae94bc09"
"checksum num-traits 0.2.10 (registry+https://github.com/rust-lang/crates.io-index)" = "d4c81ffc11c212fa327657cb19dd85eb7419e163b5b076bede2bdb5c974c07e4"
"checksum rustfft 3.0.1 (registry+https://github.com/rust-lang/crates.io-index)" = "77008ed59a8923c8b4ac2e5eaa6d28fbe893d3b9515098a4a5fc7767d6430fe5"
"checksum strength_reduce 0.2.3 (registry+https://github.com/rust-lang/crates.io-index)" = "a3ff2f71c82567c565ba4b3009a9350a96a7269eaa4001ebedae926230bc2254"
"checksum transpose 0.1.0 (registry+https://github.com/rust-lang/crates.io-index)" = "643e21580bb0627c7bb09e5cedbb42c8705b19d012de593ed6b0309270b3cd1e"
